# This file is automatically @generated by Cargo.
# It is not intended for manual editing.
version = 4

[[package]]
name = "llvm-capi"
version = "0.1.0"
source = "git+https://github.com/lijinpei/llvm-capi-rs.git#a95c8975b8d386c6d69fd8b8f4f54962942f9727"

[[package]]
name = "mlir-capi"
version = "0.1.0"
source = "git+https://github.com/lijinpei/mlir-capi-rs.git#9177129066856866d2a61cdf58e6e36d7ced0b32"
dependencies = [
 "llvm-capi",
]

[[package]]
name = "mlir-rs"
version = "0.1.0"
dependencies = [
 "mlir-capi",
]
