# This file is automatically @generated by Cargo.
# It is not intended for manual editing.
version = 4

[[package]]
name = "llvm-capi"
version = "0.1.0"
source = "git+https://github.com/lijinpei/llvm-capi-rs.git#fda093f1a6652e312abad37c9ee3b8b27f88d4fb"

[[package]]
name = "mlir-capi"
version = "0.1.0"
source = "git+https://github.com/lijinpei/mlir-capi-rs.git#3d0bd1c3643726b95a2d61cf230d5f0e0e59aaee"
dependencies = [
 "llvm-capi",
]

[[package]]
name = "mlir-capi-extra"
version = "0.1.0"
dependencies = [
 "mlir-capi",
]

[[package]]
name = "mlir-rs"
version = "0.1.0"
dependencies = [
 "mlir-capi",
 "mlir-capi-extra",
]
